PODS:
  - SVProgressHUD (1.1.3)
  - VTAcknowledgementsViewController (0.14)

DEPENDENCIES:
  - SVProgressHUD (= 1.1.3)
  - VTAcknowledgementsViewController (= 0.14)

SPEC CHECKSUMS:
  SVProgressHUD: 748080e4f36e603f6c02aec292664239df5279c1
  VTAcknowledgementsViewController: 11a869dd69598a852f12699aeaf36e2589d3fc1b

COCOAPODS: 0.37.2
