// !$*UTF8*$!
{
	archiveVersion = 1;
	classes = {
	};
	objectVersion = 46;
	objects = {

/* Begin PBXBuildFile section */
		66894799A17183F67C99881E /* libPods.a in Frameworks */ = {isa = PBXBuildFile; fileRef = 6653364F00CFF5B29212390D /* libPods.a */; };
		DA11EC881B49709600C4A238 /* SettingsViewController.swift in Sources */ = {isa = PBXBuildFile; fileRef = DA11EC871B49709600C4A238 /* SettingsViewController.swift */; };
		DA11EC8A1B49730600C4A238 /* Pods-acknowledgements.plist in Resources */ = {isa = PBXBuildFile; fileRef = DA11EC891B49730600C4A238 /* Pods-acknowledgements.plist */; };
		DA11EC8D1B4AB58D00C4A238 /* UIAlertControllerExtension.swift in Sources */ = {isa = PBXBuildFile; fileRef = DA11EC8C1B4AB58D00C4A238 /* UIAlertControllerExtension.swift */; };
		DA11EC911B4AC35500C4A238 /* CoreLocation.framework in Frameworks */ = {isa = PBXBuildFile; fileRef = DA11EC901B4AC35500C4A238 /* CoreLocation.framework */; };
		DA11EC971B4AC59C00C4A238 /* InfoPlist.strings in Resources */ = {isa = PBXBuildFile; fileRef = DA11EC951B4AC59C00C4A238 /* InfoPlist.strings */; };
		DA11EC9A1B4AC68E00C4A238 /* Info.plist in Resources */ = {isa = PBXBuildFile; fileRef = DA11EC991B4AC68E00C4A238 /* Info.plist */; };
		DA11EC9D1B4D69FD00C4A238 /* Annotation.swift in Sources */ = {isa = PBXBuildFile; fileRef = DA11EC9C1B4D69FD00C4A238 /* Annotation.swift */; };
		DA6D79271B46D2BE001FF422 /* NotificationCenter.framework in Frameworks */ = {isa = PBXBuildFile; fileRef = DA6D79261B46D2BE001FF422 /* NotificationCenter.framework */; };
		DA6D792C1B46D2BE001FF422 /* TodayViewController.swift in Sources */ = {isa = PBXBuildFile; fileRef = DA6D792B1B46D2BE001FF422 /* TodayViewController.swift */; };
		DA6D792E1B46D2BE001FF422 /* MainInterface.storyboard in Resources */ = {isa = PBXBuildFile; fileRef = DA6D792D1B46D2BE001FF422 /* MainInterface.storyboard */; };
		DA6D79311B46D2BE001FF422 /* addextension.appex in Embed App Extensions */ = {isa = PBXBuildFile; fileRef = DA6D79241B46D2BE001FF422 /* addextension.appex */; settings = {ATTRIBUTES = (RemoveHeadersOnCopy, ); }; };
		DAAB754B1B482A780040D87B /* Localizable.strings in Resources */ = {isa = PBXBuildFile; fileRef = DAAB754D1B482A780040D87B /* Localizable.strings */; };
		DAF4F4571B482E4A008A7B88 /* MapKit.framework in Frameworks */ = {isa = PBXBuildFile; fileRef = DAF4F4561B482E4A008A7B88 /* MapKit.framework */; };
		DAFBFEE91B42C6B200FAAD05 /* Main.storyboard in Resources */ = {isa = PBXBuildFile; fileRef = DAFBFEE71B42C6B200FAAD05 /* Main.storyboard */; };
		DAFBFEEB1B42C6B200FAAD05 /* Images.xcassets in Resources */ = {isa = PBXBuildFile; fileRef = DAFBFEEA1B42C6B200FAAD05 /* Images.xcassets */; };
		DAFBFEEE1B42C6B200FAAD05 /* LaunchScreen.xib in Resources */ = {isa = PBXBuildFile; fileRef = DAFBFEEC1B42C6B200FAAD05 /* LaunchScreen.xib */; };
		DAFBFEFA1B42C6B300FAAD05 /* kokomapTests.swift in Sources */ = {isa = PBXBuildFile; fileRef = DAFBFEF91B42C6B200FAAD05 /* kokomapTests.swift */; };
		DAFBFF181B42C76200FAAD05 /* AppDelegate.swift in Sources */ = {isa = PBXBuildFile; fileRef = DAFBFF161B42C76200FAAD05 /* AppDelegate.swift */; };
		DAFBFF191B42C76200FAAD05 /* MapViewController.swift in Sources */ = {isa = PBXBuildFile; fileRef = DAFBFF171B42C76200FAAD05 /* MapViewController.swift */; };
/* End PBXBuildFile section */

/* Begin PBXContainerItemProxy section */
		DA6D792F1B46D2BE001FF422 /* PBXContainerItemProxy */ = {
			isa = PBXContainerItemProxy;
			containerPortal = DAFBFED61B42C6B200FAAD05 /* Project object */;
			proxyType = 1;
			remoteGlobalIDString = DA6D79231B46D2BE001FF422;
			remoteInfo = AddExtension;
		};
		DAFBFEF41B42C6B200FAAD05 /* PBXContainerItemProxy */ = {
			isa = PBXContainerItemProxy;
			containerPortal = DAFBFED61B42C6B200FAAD05 /* Project object */;
			proxyType = 1;
			remoteGlobalIDString = DAFBFEDD1B42C6B200FAAD05;
			remoteInfo = kokomap;
		};
/* End PBXContainerItemProxy section */

/* Begin PBXCopyFilesBuildPhase section */
		DA6D79351B46D2BE001FF422 /* Embed App Extensions */ = {
			isa = PBXCopyFilesBuildPhase;
			buildActionMask = 2147483647;
			dstPath = "";
			dstSubfolderSpec = 13;
			files = (
				DA6D79311B46D2BE001FF422 /* addextension.appex in Embed App Extensions */,
			);
			name = "Embed App Extensions";
			runOnlyForDeploymentPostprocessing = 0;
		};
/* End PBXCopyFilesBuildPhase section */

/* Begin PBXFileReference section */
		4ECDCC3930F63D7D77C0E28D /* Pods.release.xcconfig */ = {isa = PBXFileReference; includeInIndex = 1; lastKnownFileType = text.xcconfig; name = Pods.release.xcconfig; path = "Pods/Target Support Files/Pods/Pods.release.xcconfig"; sourceTree = "<group>"; };
		6653364F00CFF5B29212390D /* libPods.a */ = {isa = PBXFileReference; explicitFileType = archive.ar; includeInIndex = 0; path = libPods.a; sourceTree = BUILT_PRODUCTS_DIR; };
		7E9701CBAB39E4E72EA97507 /* Pods.debug.xcconfig */ = {isa = PBXFileReference; includeInIndex = 1; lastKnownFileType = text.xcconfig; name = Pods.debug.xcconfig; path = "Pods/Target Support Files/Pods/Pods.debug.xcconfig"; sourceTree = "<group>"; };
		DA11EC871B49709600C4A238 /* SettingsViewController.swift */ = {isa = PBXFileReference; fileEncoding = 4; lastKnownFileType = sourcecode.swift; path = SettingsViewController.swift; sourceTree = "<group>"; };
		DA11EC891B49730600C4A238 /* Pods-acknowledgements.plist */ = {isa = PBXFileReference; fileEncoding = 4; lastKnownFileType = text.plist.xml; name = "Pods-acknowledgements.plist"; path = "Pods/Target Support Files/Pods/Pods-acknowledgements.plist"; sourceTree = SOURCE_ROOT; };
		DA11EC8C1B4AB58D00C4A238 /* UIAlertControllerExtension.swift */ = {isa = PBXFileReference; fileEncoding = 4; lastKnownFileType = sourcecode.swift; name = UIAlertControllerExtension.swift; path = Sources/UIAlertControllerExtension.swift; sourceTree = "<group>"; };
		DA11EC8E1B4AB5B700C4A238 /* ja */ = {isa = PBXFileReference; lastKnownFileType = text.plist.strings; name = ja; path = ja.lproj/Localizable.strings; sourceTree = "<group>"; };
		DA11EC8F1B4AB5B700C4A238 /* ja */ = {isa = PBXFileReference; lastKnownFileType = text.plist.strings; name = ja; path = ja.lproj/Main.strings; sourceTree = "<group>"; };
		DA11EC901B4AC35500C4A238 /* CoreLocation.framework */ = {isa = PBXFileReference; lastKnownFileType = wrapper.framework; name = CoreLocation.framework; path = System/Library/Frameworks/CoreLocation.framework; sourceTree = SDKROOT; };
		DA11EC961B4AC59C00C4A238 /* Base */ = {isa = PBXFileReference; lastKnownFileType = text.plist.strings; name = Base; path = Base.lproj/InfoPlist.strings; sourceTree = "<group>"; };
		DA11EC981B4AC5A500C4A238 /* ja */ = {isa = PBXFileReference; lastKnownFileType = text.plist.strings; name = ja; path = ja.lproj/InfoPlist.strings; sourceTree = "<group>"; };
		DA11EC991B4AC68E00C4A238 /* Info.plist */ = {isa = PBXFileReference; fileEncoding = 4; lastKnownFileType = text.plist.xml; path = Info.plist; sourceTree = "<group>"; };
		DA11EC9C1B4D69FD00C4A238 /* Annotation.swift */ = {isa = PBXFileReference; fileEncoding = 4; lastKnownFileType = sourcecode.swift; path = Annotation.swift; sourceTree = "<group>"; };
		DA6D79241B46D2BE001FF422 /* addextension.appex */ = {isa = PBXFileReference; explicitFileType = "wrapper.app-extension"; includeInIndex = 0; path = addextension.appex; sourceTree = BUILT_PRODUCTS_DIR; };
		DA6D79261B46D2BE001FF422 /* NotificationCenter.framework */ = {isa = PBXFileReference; lastKnownFileType = wrapper.framework; name = NotificationCenter.framework; path = System/Library/Frameworks/NotificationCenter.framework; sourceTree = SDKROOT; };
		DA6D792A1B46D2BE001FF422 /* Info.plist */ = {isa = PBXFileReference; lastKnownFileType = text.plist.xml; path = Info.plist; sourceTree = "<group>"; };
		DA6D792B1B46D2BE001FF422 /* TodayViewController.swift */ = {isa = PBXFileReference; lastKnownFileType = sourcecode.swift; path = TodayViewController.swift; sourceTree = "<group>"; };
		DA6D792D1B46D2BE001FF422 /* MainInterface.storyboard */ = {isa = PBXFileReference; lastKnownFileType = file.storyboard; path = MainInterface.storyboard; sourceTree = "<group>"; };
		DAAB754C1B482A780040D87B /* Base */ = {isa = PBXFileReference; lastKnownFileType = text.plist.strings; name = Base; path = Base.lproj/Localizable.strings; sourceTree = "<group>"; };
		DAF4F4561B482E4A008A7B88 /* MapKit.framework */ = {isa = PBXFileReference; lastKnownFileType = wrapper.framework; name = MapKit.framework; path = System/Library/Frameworks/MapKit.framework; sourceTree = SDKROOT; };
		DAFBFEDE1B42C6B200FAAD05 /* kokomap.app */ = {isa = PBXFileReference; explicitFileType = wrapper.application; includeInIndex = 0; path = kokomap.app; sourceTree = BUILT_PRODUCTS_DIR; };
		DAFBFEE81B42C6B200FAAD05 /* Base */ = {isa = PBXFileReference; lastKnownFileType = file.storyboard; name = Base; path = Base.lproj/Main.storyboard; sourceTree = "<group>"; };
		DAFBFEEA1B42C6B200FAAD05 /* Images.xcassets */ = {isa = PBXFileReference; lastKnownFileType = folder.assetcatalog; path = Images.xcassets; sourceTree = "<group>"; };
		DAFBFEED1B42C6B200FAAD05 /* Base */ = {isa = PBXFileReference; lastKnownFileType = file.xib; name = Base; path = Base.lproj/LaunchScreen.xib; sourceTree = "<group>"; };
		DAFBFEF31B42C6B200FAAD05 /* kokomapTests.xctest */ = {isa = PBXFileReference; explicitFileType = wrapper.cfbundle; includeInIndex = 0; path = kokomapTests.xctest; sourceTree = BUILT_PRODUCTS_DIR; };
		DAFBFEF81B42C6B200FAAD05 /* Info.plist */ = {isa = PBXFileReference; lastKnownFileType = text.plist.xml; path = Info.plist; sourceTree = "<group>"; };
		DAFBFEF91B42C6B200FAAD05 /* kokomapTests.swift */ = {isa = PBXFileReference; lastKnownFileType = sourcecode.swift; path = kokomapTests.swift; sourceTree = "<group>"; };
		DAFBFF161B42C76200FAAD05 /* AppDelegate.swift */ = {isa = PBXFileReference; fileEncoding = 4; lastKnownFileType = sourcecode.swift; path = AppDelegate.swift; sourceTree = "<group>"; };
		DAFBFF171B42C76200FAAD05 /* MapViewController.swift */ = {isa = PBXFileReference; fileEncoding = 4; lastKnownFileType = sourcecode.swift; path = MapViewController.swift; sourceTree = "<group>"; };
/* End PBXFileReference section */

/* Begin PBXFrameworksBuildPhase section */
		DA6D79211B46D2BE001FF422 /* Frameworks */ = {
			isa = PBXFrameworksBuildPhase;
			buildActionMask = 2147483647;
			files = (
				DA6D79271B46D2BE001FF422 /* NotificationCenter.framework in Frameworks */,
			);
			runOnlyForDeploymentPostprocessing = 0;
		};
		DAFBFEDB1B42C6B200FAAD05 /* Frameworks */ = {
			isa = PBXFrameworksBuildPhase;
			buildActionMask = 2147483647;
			files = (
				DA11EC911B4AC35500C4A238 /* CoreLocation.framework in Frameworks */,
				DAF4F4571B482E4A008A7B88 /* MapKit.framework in Frameworks */,
				66894799A17183F67C99881E /* libPods.a in Frameworks */,
			);
			runOnlyForDeploymentPostprocessing = 0;
		};
		DAFBFEF01B42C6B200FAAD05 /* Frameworks */ = {
			isa = PBXFrameworksBuildPhase;
			buildActionMask = 2147483647;
			files = (
			);
			runOnlyForDeploymentPostprocessing = 0;
		};
/* End PBXFrameworksBuildPhase section */

/* Begin PBXGroup section */
		8483BBE1872F55D5DEA96011 /* Pods */ = {
			isa = PBXGroup;
			children = (
				7E9701CBAB39E4E72EA97507 /* Pods.debug.xcconfig */,
				4ECDCC3930F63D7D77C0E28D /* Pods.release.xcconfig */,
			);
			name = Pods;
			sourceTree = "<group>";
		};
		DA11EC8B1B4AB52C00C4A238 /* Extention */ = {
			isa = PBXGroup;
			children = (
				DA11EC8C1B4AB58D00C4A238 /* UIAlertControllerExtension.swift */,
			);
			name = Extention;
			path = ..;
			sourceTree = "<group>";
		};
		DA11EC9B1B4D69ED00C4A238 /* Entity */ = {
			isa = PBXGroup;
			children = (
				DA11EC9C1B4D69FD00C4A238 /* Annotation.swift */,
			);
			name = Entity;
			sourceTree = "<group>";
		};
		DA6D79251B46D2BE001FF422 /* Frameworks */ = {
			isa = PBXGroup;
			children = (
				DA11EC901B4AC35500C4A238 /* CoreLocation.framework */,
				DAF4F4561B482E4A008A7B88 /* MapKit.framework */,
				DA6D79261B46D2BE001FF422 /* NotificationCenter.framework */,
				6653364F00CFF5B29212390D /* libPods.a */,
			);
			name = Frameworks;
			sourceTree = "<group>";
		};
		DA6D79281B46D2BE001FF422 /* AddExtension */ = {
			isa = PBXGroup;
			children = (
				DA6D792B1B46D2BE001FF422 /* TodayViewController.swift */,
				DA6D792D1B46D2BE001FF422 /* MainInterface.storyboard */,
				DA6D79291B46D2BE001FF422 /* Supporting Files */,
			);
			path = AddExtension;
			sourceTree = "<group>";
		};
		DA6D79291B46D2BE001FF422 /* Supporting Files */ = {
			isa = PBXGroup;
			children = (
				DA6D792A1B46D2BE001FF422 /* Info.plist */,
			);
			name = "Supporting Files";
			sourceTree = "<group>";
		};
		DAAB75481B4827C70040D87B /* ViewController */ = {
			isa = PBXGroup;
			children = (
				DAFBFF171B42C76200FAAD05 /* MapViewController.swift */,
				DA11EC871B49709600C4A238 /* SettingsViewController.swift */,
			);
			name = ViewController;
			sourceTree = "<group>";
		};
		DAFBFED51B42C6B200FAAD05 = {
			isa = PBXGroup;
			children = (
				DAFBFEE01B42C6B200FAAD05 /* kokomap */,
				DAFBFEF61B42C6B200FAAD05 /* kokomapTests */,
				DA6D79281B46D2BE001FF422 /* AddExtension */,
				DA6D79251B46D2BE001FF422 /* Frameworks */,
				DAFBFEDF1B42C6B200FAAD05 /* Products */,
				8483BBE1872F55D5DEA96011 /* Pods */,
			);
			sourceTree = "<group>";
		};
		DAFBFEDF1B42C6B200FAAD05 /* Products */ = {
			isa = PBXGroup;
			children = (
				DAFBFEDE1B42C6B200FAAD05 /* kokomap.app */,
				DAFBFEF31B42C6B200FAAD05 /* kokomapTests.xctest */,
				DA6D79241B46D2BE001FF422 /* addextension.appex */,
			);
			name = Products;
			sourceTree = "<group>";
		};
		DAFBFEE01B42C6B200FAAD05 /* kokomap */ = {
			isa = PBXGroup;
			children = (
				DAFBFF151B42C76200FAAD05 /* Sources */,
				DAFBFEE11B42C6B200FAAD05 /* Supporting Files */,
				DA11EC891B49730600C4A238 /* Pods-acknowledgements.plist */,
			);
			path = kokomap;
			sourceTree = "<group>";
		};
		DAFBFEE11B42C6B200FAAD05 /* Supporting Files */ = {
			isa = PBXGroup;
			children = (
				DAFBFF1B1B42C8BE00FAAD05 /* View */,
				DAFBFEEA1B42C6B200FAAD05 /* Images.xcassets */,
				DA11EC991B4AC68E00C4A238 /* Info.plist */,
				DAAB754D1B482A780040D87B /* Localizable.strings */,
				DA11EC951B4AC59C00C4A238 /* InfoPlist.strings */,
			);
			name = "Supporting Files";
			sourceTree = "<group>";
		};
		DAFBFEF61B42C6B200FAAD05 /* kokomapTests */ = {
			isa = PBXGroup;
			children = (
				DAFBFEF91B42C6B200FAAD05 /* kokomapTests.swift */,
				DAFBFEF71B42C6B200FAAD05 /* Supporting Files */,
			);
			path = kokomapTests;
			sourceTree = "<group>";
		};
		DAFBFEF71B42C6B200FAAD05 /* Supporting Files */ = {
			isa = PBXGroup;
			children = (
				DAFBFEF81B42C6B200FAAD05 /* Info.plist */,
			);
			name = "Supporting Files";
			sourceTree = "<group>";
		};
		DAFBFF151B42C76200FAAD05 /* Sources */ = {
			isa = PBXGroup;
			children = (
				DA11EC9B1B4D69ED00C4A238 /* Entity */,
				DA11EC8B1B4AB52C00C4A238 /* Extention */,
				DAAB75481B4827C70040D87B /* ViewController */,
				DAFBFF161B42C76200FAAD05 /* AppDelegate.swift */,
			);
			path = Sources;
			sourceTree = "<group>";
		};
		DAFBFF1B1B42C8BE00FAAD05 /* View */ = {
			isa = PBXGroup;
			children = (
				DAFBFEE71B42C6B200FAAD05 /* Main.storyboard */,
				DAFBFEEC1B42C6B200FAAD05 /* LaunchScreen.xib */,
			);
			name = View;
			sourceTree = "<group>";
		};
/* End PBXGroup section */

/* Begin PBXNativeTarget section */
		DA6D79231B46D2BE001FF422 /* AddExtension */ = {
			isa = PBXNativeTarget;
			buildConfigurationList = DA6D79341B46D2BE001FF422 /* Build configuration list for PBXNativeTarget "AddExtension" */;
			buildPhases = (
				DA6D79201B46D2BE001FF422 /* Sources */,
				DA6D79211B46D2BE001FF422 /* Frameworks */,
				DA6D79221B46D2BE001FF422 /* Resources */,
			);
			buildRules = (
			);
			dependencies = (
			);
			name = AddExtension;
			productName = AddExtension;
			productReference = DA6D79241B46D2BE001FF422 /* addextension.appex */;
			productType = "com.apple.product-type.app-extension";
		};
		DAFBFEDD1B42C6B200FAAD05 /* kokomap */ = {
			isa = PBXNativeTarget;
			buildConfigurationList = DAFBFEFD1B42C6B300FAAD05 /* Build configuration list for PBXNativeTarget "kokomap" */;
			buildPhases = (
				09943D0D903C0E57994AE80B /* Check Pods Manifest.lock */,
				DAFBFEDA1B42C6B200FAAD05 /* Sources */,
				DAFBFEDB1B42C6B200FAAD05 /* Frameworks */,
				DAFBFEDC1B42C6B200FAAD05 /* Resources */,
				DA6D79351B46D2BE001FF422 /* Embed App Extensions */,
				2C3241117B92F6C938133CA7 /* Copy Pods Resources */,
			);
			buildRules = (
			);
			dependencies = (
				DA6D79301B46D2BE001FF422 /* PBXTargetDependency */,
			);
			name = kokomap;
			productName = kokomap;
			productReference = DAFBFEDE1B42C6B200FAAD05 /* kokomap.app */;
			productType = "com.apple.product-type.application";
		};
		DAFBFEF21B42C6B200FAAD05 /* kokomapTests */ = {
			isa = PBXNativeTarget;
			buildConfigurationList = DAFBFF001B42C6B300FAAD05 /* Build configuration list for PBXNativeTarget "kokomapTests" */;
			buildPhases = (
				DAFBFEEF1B42C6B200FAAD05 /* Sources */,
				DAFBFEF01B42C6B200FAAD05 /* Frameworks */,
				DAFBFEF11B42C6B200FAAD05 /* Resources */,
			);
			buildRules = (
			);
			dependencies = (
				DAFBFEF51B42C6B200FAAD05 /* PBXTargetDependency */,
			);
			name = kokomapTests;
			productName = kokomapTests;
			productReference = DAFBFEF31B42C6B200FAAD05 /* kokomapTests.xctest */;
			productType = "com.apple.product-type.bundle.unit-test";
		};
/* End PBXNativeTarget section */

/* Begin PBXProject section */
		DAFBFED61B42C6B200FAAD05 /* Project object */ = {
			isa = PBXProject;
			attributes = {
				CLASSPREFIX = "";
				LastUpgradeCheck = 0630;
				ORGANIZATIONNAME = droibit;
				TargetAttributes = {
					DA6D79231B46D2BE001FF422 = {
						CreatedOnToolsVersion = 6.4;
						DevelopmentTeam = 2M4C25U6D7;
					};
					DAFBFEDD1B42C6B200FAAD05 = {
						CreatedOnToolsVersion = 6.3.2;
						DevelopmentTeam = 2M4C25U6D7;
						SystemCapabilities = {
							com.apple.Maps.iOS = {
								enabled = 0;
							};
						};
					};
					DAFBFEF21B42C6B200FAAD05 = {
						CreatedOnToolsVersion = 6.3.2;
						TestTargetID = DAFBFEDD1B42C6B200FAAD05;
					};
				};
			};
			buildConfigurationList = DAFBFED91B42C6B200FAAD05 /* Build configuration list for PBXProject "kokomap" */;
			compatibilityVersion = "Xcode 3.2";
			developmentRegion = English;
			hasScannedForEncodings = 0;
			knownRegions = (
				en,
				Base,
				ja,
			);
			mainGroup = DAFBFED51B42C6B200FAAD05;
			productRefGroup = DAFBFEDF1B42C6B200FAAD05 /* Products */;
			projectDirPath = "";
			projectRoot = "";
			targets = (
				DAFBFEDD1B42C6B200FAAD05 /* kokomap */,
				DAFBFEF21B42C6B200FAAD05 /* kokomapTests */,
				DA6D79231B46D2BE001FF422 /* AddExtension */,
			);
		};
/* End PBXProject section */

/* Begin PBXResourcesBuildPhase section */
		DA6D79221B46D2BE001FF422 /* Resources */ = {
			isa = PBXResourcesBuildPhase;
			buildActionMask = 2147483647;
			files = (
				DA6D792E1B46D2BE001FF422 /* MainInterface.storyboard in Resources */,
			);
			runOnlyForDeploymentPostprocessing = 0;
		};
		DAFBFEDC1B42C6B200FAAD05 /* Resources */ = {
			isa = PBXResourcesBuildPhase;
			buildActionMask = 2147483647;
			files = (
				DAFBFEE91B42C6B200FAAD05 /* Main.storyboard in Resources */,
				DA11EC971B4AC59C00C4A238 /* InfoPlist.strings in Resources */,
				DAAB754B1B482A780040D87B /* Localizable.strings in Resources */,
				DAFBFEEE1B42C6B200FAAD05 /* LaunchScreen.xib in Resources */,
				DA11EC8A1B49730600C4A238 /* Pods-acknowledgements.plist in Resources */,
				DAFBFEEB1B42C6B200FAAD05 /* Images.xcassets in Resources */,
				DA11EC9A1B4AC68E00C4A238 /* Info.plist in Resources */,
			);
			runOnlyForDeploymentPostprocessing = 0;
		};
		DAFBFEF11B42C6B200FAAD05 /* Resources */ = {
			isa = PBXResourcesBuildPhase;
			buildActionMask = 2147483647;
			files = (
			);
			runOnlyForDeploymentPostprocessing = 0;
		};
/* End PBXResourcesBuildPhase section */

/* Begin PBXShellScriptBuildPhase section */
		09943D0D903C0E57994AE80B /* Check Pods Manifest.lock */ = {
			isa = PBXShellScriptBuildPhase;
			buildActionMask = 2147483647;
			files = (
			);
			inputPaths = (
			);
			name = "Check Pods Manifest.lock";
			outputPaths = (
			);
			runOnlyForDeploymentPostprocessing = 0;
			shellPath = /bin/sh;
			shellScript = "diff \"${PODS_ROOT}/../Podfile.lock\" \"${PODS_ROOT}/Manifest.lock\" > /dev/null\nif [[ $? != 0 ]] ; then\n    cat << EOM\nerror: The sandbox is not in sync with the Podfile.lock. Run 'pod install' or update your CocoaPods installation.\nEOM\n    exit 1\nfi\n";
			showEnvVarsInLog = 0;
		};
		2C3241117B92F6C938133CA7 /* Copy Pods Resources */ = {
			isa = PBXShellScriptBuildPhase;
			buildActionMask = 2147483647;
			files = (
			);
			inputPaths = (
			);
			name = "Copy Pods Resources";
			outputPaths = (
			);
			runOnlyForDeploymentPostprocessing = 0;
			shellPath = /bin/sh;
			shellScript = "\"${SRCROOT}/Pods/Target Support Files/Pods/Pods-resources.sh\"\n";
			showEnvVarsInLog = 0;
		};
/* End PBXShellScriptBuildPhase section */

/* Begin PBXSourcesBuildPhase section */
		DA6D79201B46D2BE001FF422 /* Sources */ = {
			isa = PBXSourcesBuildPhase;
			buildActionMask = 2147483647;
			files = (
				DA6D792C1B46D2BE001FF422 /* TodayViewController.swift in Sources */,
			);
			runOnlyForDeploymentPostprocessing = 0;
		};
		DAFBFEDA1B42C6B200FAAD05 /* Sources */ = {
			isa = PBXSourcesBuildPhase;
			buildActionMask = 2147483647;
			files = (
				DA11EC8D1B4AB58D00C4A238 /* UIAlertControllerExtension.swift in Sources */,
				DA11EC9D1B4D69FD00C4A238 /* Annotation.swift in Sources */,
				DAFBFF181B42C76200FAAD05 /* AppDelegate.swift in Sources */,
				DAFBFF191B42C76200FAAD05 /* MapViewController.swift in Sources */,
				DA11EC881B49709600C4A238 /* SettingsViewController.swift in Sources */,
			);
			runOnlyForDeploymentPostprocessing = 0;
		};
		DAFBFEEF1B42C6B200FAAD05 /* Sources */ = {
			isa = PBXSourcesBuildPhase;
			buildActionMask = 2147483647;
			files = (
				DAFBFEFA1B42C6B300FAAD05 /* kokomapTests.swift in Sources */,
			);
			runOnlyForDeploymentPostprocessing = 0;
		};
/* End PBXSourcesBuildPhase section */

/* Begin PBXTargetDependency section */
		DA6D79301B46D2BE001FF422 /* PBXTargetDependency */ = {
			isa = PBXTargetDependency;
			target = DA6D79231B46D2BE001FF422 /* AddExtension */;
			targetProxy = DA6D792F1B46D2BE001FF422 /* PBXContainerItemProxy */;
		};
		DAFBFEF51B42C6B200FAAD05 /* PBXTargetDependency */ = {
			isa = PBXTargetDependency;
			target = DAFBFEDD1B42C6B200FAAD05 /* kokomap */;
			targetProxy = DAFBFEF41B42C6B200FAAD05 /* PBXContainerItemProxy */;
		};
/* End PBXTargetDependency section */

/* Begin PBXVariantGroup section */
		DA11EC951B4AC59C00C4A238 /* InfoPlist.strings */ = {
			isa = PBXVariantGroup;
			children = (
				DA11EC961B4AC59C00C4A238 /* Base */,
				DA11EC981B4AC5A500C4A238 /* ja */,
			);
			name = InfoPlist.strings;
			sourceTree = "<group>";
		};
		DAAB754D1B482A780040D87B /* Localizable.strings */ = {
			isa = PBXVariantGroup;
			children = (
				DAAB754C1B482A780040D87B /* Base */,
				DA11EC8E1B4AB5B700C4A238 /* ja */,
			);
			name = Localizable.strings;
			sourceTree = "<group>";
		};
		DAFBFEE71B42C6B200FAAD05 /* Main.storyboard */ = {
			isa = PBXVariantGroup;
			children = (
				DAFBFEE81B42C6B200FAAD05 /* Base */,
				DA11EC8F1B4AB5B700C4A238 /* ja */,
			);
			name = Main.storyboard;
			sourceTree = "<group>";
		};
		DAFBFEEC1B42C6B200FAAD05 /* LaunchScreen.xib */ = {
			isa = PBXVariantGroup;
			children = (
				DAFBFEED1B42C6B200FAAD05 /* Base */,
			);
			name = LaunchScreen.xib;
			sourceTree = "<group>";
		};
/* End PBXVariantGroup section */

/* Begin XCBuildConfiguration section */
		DA6D79321B46D2BE001FF422 /* Debug */ = {
			isa = XCBuildConfiguration;
			buildSettings = {
				CODE_SIGN_IDENTITY = "iPhone Developer";
				GCC_PREPROCESSOR_DEFINITIONS = (
					"DEBUG=1",
					"$(inherited)",
				);
				INFOPLIST_FILE = AddExtension/Info.plist;
				IPHONEOS_DEPLOYMENT_TARGET = 8.4;
				LD_RUNPATH_SEARCH_PATHS = "$(inherited) @executable_path/Frameworks @executable_path/../../Frameworks";
				PRODUCT_NAME = addextension;
				SKIP_INSTALL = YES;
			};
			name = Debug;
		};
		DA6D79331B46D2BE001FF422 /* Release */ = {
			isa = XCBuildConfiguration;
			buildSettings = {
				CODE_SIGN_IDENTITY = "iPhone Developer";
				INFOPLIST_FILE = AddExtension/Info.plist;
				IPHONEOS_DEPLOYMENT_TARGET = 8.4;
				LD_RUNPATH_SEARCH_PATHS = "$(inherited) @executable_path/Frameworks @executable_path/../../Frameworks";
				PRODUCT_NAME = addextension;
				SKIP_INSTALL = YES;
			};
			name = Release;
		};
		DAFBFEFB1B42C6B300FAAD05 /* Debug */ = {
			isa = XCBuildConfiguration;
			buildSettings = {
				ALWAYS_SEARCH_USER_PATHS = NO;
				CLANG_CXX_LANGUAGE_STANDARD = "gnu++0x";
				CLANG_CXX_LIBRARY = "libc++";
				CLANG_ENABLE_MODULES = YES;
				CLANG_ENABLE_OBJC_ARC = YES;
				CLANG_WARN_BOOL_CONVERSION = YES;
				CLANG_WARN_CONSTANT_CONVERSION = YES;
				CLANG_WARN_DIRECT_OBJC_ISA_USAGE = YES_ERROR;
				CLANG_WARN_EMPTY_BODY = YES;
				CLANG_WARN_ENUM_CONVERSION = YES;
				CLANG_WARN_INT_CONVERSION = YES;
				CLANG_WARN_OBJC_ROOT_CLASS = YES_ERROR;
				CLANG_WARN_UNREACHABLE_CODE = YES;
				CLANG_WARN__DUPLICATE_METHOD_MATCH = YES;
				"CODE_SIGN_IDENTITY[sdk=iphoneos*]" = "iPhone Developer";
				COPY_PHASE_STRIP = NO;
				DEBUG_INFORMATION_FORMAT = "dwarf-with-dsym";
				ENABLE_STRICT_OBJC_MSGSEND = YES;
				GCC_C_LANGUAGE_STANDARD = gnu99;
				GCC_DYNAMIC_NO_PIC = NO;
				GCC_NO_COMMON_BLOCKS = YES;
				GCC_OPTIMIZATION_LEVEL = 0;
				GCC_PREPROCESSOR_DEFINITIONS = (
					"DEBUG=1",
					"$(inherited)",
				);
				GCC_SYMBOLS_PRIVATE_EXTERN = NO;
				GCC_WARN_64_TO_32_BIT_CONVERSION = YES;
				GCC_WARN_ABOUT_RETURN_TYPE = YES_ERROR;
				GCC_WARN_UNDECLARED_SELECTOR = YES;
				GCC_WARN_UNINITIALIZED_AUTOS = YES_AGGRESSIVE;
				GCC_WARN_UNUSED_FUNCTION = YES;
				GCC_WARN_UNUSED_VARIABLE = YES;
				IPHONEOS_DEPLOYMENT_TARGET = 8.0;
				MTL_ENABLE_DEBUG_INFO = YES;
				ONLY_ACTIVE_ARCH = YES;
				SDKROOT = iphoneos;
				SWIFT_OPTIMIZATION_LEVEL = "-Onone";
				TARGETED_DEVICE_FAMILY = "1,2";
			};
			name = Debug;
		};
		DAFBFEFC1B42C6B300FAAD05 /* Release */ = {
			isa = XCBuildConfiguration;
			buildSettings = {
				ALWAYS_SEARCH_USER_PATHS = NO;
				CLANG_CXX_LANGUAGE_STANDARD = "gnu++0x";
				CLANG_CXX_LIBRARY = "libc++";
				CLANG_ENABLE_MODULES = YES;
				CLANG_ENABLE_OBJC_ARC = YES;
				CLANG_WARN_BOOL_CONVERSION = YES;
				CLANG_WARN_CONSTANT_CONVERSION = YES;
				CLANG_WARN_DIRECT_OBJC_ISA_USAGE = YES_ERROR;
				CLANG_WARN_EMPTY_BODY = YES;
				CLANG_WARN_ENUM_CONVERSION = YES;
				CLANG_WARN_INT_CONVERSION = YES;
				CLANG_WARN_OBJC_ROOT_CLASS = YES_ERROR;
				CLANG_WARN_UNREACHABLE_CODE = YES;
				CLANG_WARN__DUPLICATE_METHOD_MATCH = YES;
				"CODE_SIGN_IDENTITY[sdk=iphoneos*]" = "iPhone Developer";
				COPY_PHASE_STRIP = NO;
				DEBUG_INFORMATION_FORMAT = "dwarf-with-dsym";
				ENABLE_NS_ASSERTIONS = NO;
				ENABLE_STRICT_OBJC_MSGSEND = YES;
				GCC_C_LANGUAGE_STANDARD = gnu99;
				GCC_NO_COMMON_BLOCKS = YES;
				GCC_WARN_64_TO_32_BIT_CONVERSION = YES;
				GCC_WARN_ABOUT_RETURN_TYPE = YES_ERROR;
				GCC_WARN_UNDECLARED_SELECTOR = YES;
				GCC_WARN_UNINITIALIZED_AUTOS = YES_AGGRESSIVE;
				GCC_WARN_UNUSED_FUNCTION = YES;
				GCC_WARN_UNUSED_VARIABLE = YES;
				IPHONEOS_DEPLOYMENT_TARGET = 8.0;
				MTL_ENABLE_DEBUG_INFO = NO;
				SDKROOT = iphoneos;
				TARGETED_DEVICE_FAMILY = "1,2";
				VALIDATE_PRODUCT = YES;
			};
			name = Release;
		};
		DAFBFEFE1B42C6B300FAAD05 /* Debug */ = {
			isa = XCBuildConfiguration;
			baseConfigurationReference = 7E9701CBAB39E4E72EA97507 /* Pods.debug.xcconfig */;
			buildSettings = {
				ASSETCATALOG_COMPILER_APPICON_NAME = AppIcon;
				ASSETCATALOG_COMPILER_LAUNCHIMAGE_NAME = LaunchImage;
				CODE_SIGN_IDENTITY = "iPhone Developer";
				INFOPLIST_FILE = kokomap/Info.plist;
				IPHONEOS_DEPLOYMENT_TARGET = 8.0;
				LD_RUNPATH_SEARCH_PATHS = "$(inherited) @executable_path/Frameworks";
				PRODUCT_NAME = "$(TARGET_NAME)";
			};
			name = Debug;
		};
		DAFBFEFF1B42C6B300FAAD05 /* Release */ = {
			isa = XCBuildConfiguration;
			baseConfigurationReference = 4ECDCC3930F63D7D77C0E28D /* Pods.release.xcconfig */;
			buildSettings = {
				ASSETCATALOG_COMPILER_APPICON_NAME = AppIcon;
				ASSETCATALOG_COMPILER_LAUNCHIMAGE_NAME = LaunchImage;
				CODE_SIGN_IDENTITY = "iPhone Developer";
				INFOPLIST_FILE = kokomap/Info.plist;
				IPHONEOS_DEPLOYMENT_TARGET = 8.0;
				LD_RUNPATH_SEARCH_PATHS = "$(inherited) @executable_path/Frameworks";
				PRODUCT_NAME = "$(TARGET_NAME)";
			};
			name = Release;
		};
		DAFBFF011B42C6B300FAAD05 /* Debug */ = {
			isa = XCBuildConfiguration;
			buildSettings = {
				BUNDLE_LOADER = "$(TEST_HOST)";
				FRAMEWORK_SEARCH_PATHS = (
					"$(SDKROOT)/Developer/Library/Frameworks",
					"$(inherited)",
				);
				GCC_PREPROCESSOR_DEFINITIONS = (
					"DEBUG=1",
					"$(inherited)",
				);
				INFOPLIST_FILE = kokomapTests/Info.plist;
				LD_RUNPATH_SEARCH_PATHS = "$(inherited) @executable_path/Frameworks @loader_path/Frameworks";
				PRODUCT_NAME = "$(TARGET_NAME)";
				TEST_HOST = "$(BUILT_PRODUCTS_DIR)/kokomap.app/kokomap";
			};
			name = Debug;
		};
		DAFBFF021B42C6B300FAAD05 /* Release */ = {
			isa = XCBuildConfiguration;
			buildSettings = {
				BUNDLE_LOADER = "$(TEST_HOST)";
				FRAMEWORK_SEARCH_PATHS = (
					"$(SDKROOT)/Developer/Library/Frameworks",
					"$(inherited)",
				);
				INFOPLIST_FILE = kokomapTests/Info.plist;
				LD_RUNPATH_SEARCH_PATHS = "$(inherited) @executable_path/Frameworks @loader_path/Frameworks";
				PRODUCT_NAME = "$(TARGET_NAME)";
				TEST_HOST = "$(BUILT_PRODUCTS_DIR)/kokomap.app/kokomap";
			};
			name = Release;
		};
/* End XCBuildConfiguration section */

/* Begin XCConfigurationList section */
		DA6D79341B46D2BE001FF422 /* Build configuration list for PBXNativeTarget "AddExtension" */ = {
			isa = XCConfigurationList;
			buildConfigurations = (
				DA6D79321B46D2BE001FF422 /* Debug */,
				DA6D79331B46D2BE001FF422 /* Release */,
			);
			defaultConfigurationIsVisible = 0;
			defaultConfigurationName = Release;
		};
		DAFBFED91B42C6B200FAAD05 /* Build configuration list for PBXProject "kokomap" */ = {
			isa = XCConfigurationList;
			buildConfigurations = (
				DAFBFEFB1B42C6B300FAAD05 /* Debug */,
				DAFBFEFC1B42C6B300FAAD05 /* Release */,
			);
			defaultConfigurationIsVisible = 0;
			defaultConfigurationName = Release;
		};
		DAFBFEFD1B42C6B300FAAD05 /* Build configuration list for PBXNativeTarget "kokomap" */ = {
			isa = XCConfigurationList;
			buildConfigurations = (
				DAFBFEFE1B42C6B300FAAD05 /* Debug */,
				DAFBFEFF1B42C6B300FAAD05 /* Release */,
			);
			defaultConfigurationIsVisible = 0;
			defaultConfigurationName = Release;
		};
		DAFBFF001B42C6B300FAAD05 /* Build configuration list for PBXNativeTarget "kokomapTests" */ = {
			isa = XCConfigurationList;
			buildConfigurations = (
				DAFBFF011B42C6B300FAAD05 /* Debug */,
				DAFBFF021B42C6B300FAAD05 /* Release */,
			);
			defaultConfigurationIsVisible = 0;
			defaultConfigurationName = Release;
		};
/* End XCConfigurationList section */
	};
	rootObject = DAFBFED61B42C6B200FAAD05 /* Project object */;
}
